// !$*UTF8*$!
{
	archiveVersion = 1;
	classes = {
	};
	objectVersion = 50;
	objects = {

/* Begin PBXBuildFile section */
		05FA3B7B225BC89D003729A2 /* AppDelegate.swift in Sources */ = {isa = PBXBuildFile; fileRef = 05FA3B7A225BC89D003729A2 /* AppDelegate.swift */; };
		05FA3B7D225BC89D003729A2 /* ViewController.swift in Sources */ = {isa = PBXBuildFile; fileRef = 05FA3B7C225BC89D003729A2 /* ViewController.swift */; };
		05FA3B80225BC89D003729A2 /* Main.storyboard in Resources */ = {isa = PBXBuildFile; fileRef = 05FA3B7E225BC89D003729A2 /* Main.storyboard */; };
		05FA3B82225BC89E003729A2 /* Assets.xcassets in Resources */ = {isa = PBXBuildFile; fileRef = 05FA3B81225BC89E003729A2 /* Assets.xcassets */; };
		05FA3B85225BC89E003729A2 /* LaunchScreen.storyboard in Resources */ = {isa = PBXBuildFile; fileRef = 05FA3B83225BC89E003729A2 /* LaunchScreen.storyboard */; };
		05FA3B90225BC89E003729A2 /* Module_1___Activity_8Tests.swift in Sources */ = {isa = PBXBuildFile; fileRef = 05FA3B8F225BC89E003729A2 /* Module_1___Activity_8Tests.swift */; };
		05FA3B9B225BC89E003729A2 /* Module_1___Activity_8UITests.swift in Sources */ = {isa = PBXBuildFile; fileRef = 05FA3B9A225BC89E003729A2 /* Module_1___Activity_8UITests.swift */; };
/* End PBXBuildFile section */

/* Begin PBXContainerItemProxy section */
		05FA3B8C225BC89E003729A2 /* PBXContainerItemProxy */ = {
			isa = PBXContainerItemProxy;
			containerPortal = 05FA3B6F225BC89D003729A2 /* Project object */;
			proxyType = 1;
			remoteGlobalIDString = 05FA3B76225BC89D003729A2;
			remoteInfo = "Module 1 : Activity 8";
		};
		05FA3B97225BC89E003729A2 /* PBXContainerItemProxy */ = {
			isa = PBXContainerItemProxy;
			containerPortal = 05FA3B6F225BC89D003729A2 /* Project object */;
			proxyType = 1;
			remoteGlobalIDString = 05FA3B76225BC89D003729A2;
			remoteInfo = "Module 1 : Activity 8";
		};
/* End PBXContainerItemProxy section */

/* Begin PBXFileReference section */
		05FA3B77225BC89D003729A2 /* Module 1 : Activity 8.app */ = {isa = PBXFileReference; explicitFileType = wrapper.application; includeInIndex = 0; path = "Module 1 : Activity 8.app"; sourceTree = BUILT_PRODUCTS_DIR; };
		05FA3B7A225BC89D003729A2 /* AppDelegate.swift */ = {isa = PBXFileReference; lastKnownFileType = sourcecode.swift; path = AppDelegate.swift; sourceTree = "<group>"; };
		05FA3B7C225BC89D003729A2 /* ViewController.swift */ = {isa = PBXFileReference; lastKnownFileType = sourcecode.swift; path = ViewController.swift; sourceTree = "<group>"; };
		05FA3B7F225BC89D003729A2 /* Base */ = {isa = PBXFileReference; lastKnownFileType = file.storyboard; name = Base; path = Base.lproj/Main.storyboard; sourceTree = "<group>"; };
		05FA3B81225BC89E003729A2 /* Assets.xcassets */ = {isa = PBXFileReference; lastKnownFileType = folder.assetcatalog; path = Assets.xcassets; sourceTree = "<group>"; };
		05FA3B84225BC89E003729A2 /* Base */ = {isa = PBXFileReference; lastKnownFileType = file.storyboard; name = Base; path = Base.lproj/LaunchScreen.storyboard; sourceTree = "<group>"; };
		05FA3B86225BC89E003729A2 /* Info.plist */ = {isa = PBXFileReference; lastKnownFileType = text.plist.xml; path = Info.plist; sourceTree = "<group>"; };
		05FA3B8B225BC89E003729A2 /* Module 1 : Activity 8Tests.xctest */ = {isa = PBXFileReference; explicitFileType = wrapper.cfbundle; includeInIndex = 0; path = "Module 1 : Activity 8Tests.xctest"; sourceTree = BUILT_PRODUCTS_DIR; };
		05FA3B8F225BC89E003729A2 /* Module_1___Activity_8Tests.swift */ = {isa = PBXFileReference; lastKnownFileType = sourcecode.swift; path = "Module_1___Activity_8Tests.swift"; sourceTree = "<group>"; };
		05FA3B91225BC89E003729A2 /* Info.plist */ = {isa = PBXFileReference; lastKnownFileType = text.plist.xml; path = Info.plist; sourceTree = "<group>"; };
		05FA3B96225BC89E003729A2 /* Module 1 : Activity 8UITests.xctest */ = {isa = PBXFileReference; explicitFileType = wrapper.cfbundle; includeInIndex = 0; path = "Module 1 : Activity 8UITests.xctest"; sourceTree = BUILT_PRODUCTS_DIR; };
		05FA3B9A225BC89E003729A2 /* Module_1___Activity_8UITests.swift */ = {isa = PBXFileReference; lastKnownFileType = sourcecode.swift; path = "Module_1___Activity_8UITests.swift"; sourceTree = "<group>"; };
		05FA3B9C225BC89E003729A2 /* Info.plist */ = {isa = PBXFileReference; lastKnownFileType = text.plist.xml; path = Info.plist; sourceTree = "<group>"; };
/* End PBXFileReference section */

/* Begin PBXFrameworksBuildPhase section */
		05FA3B74225BC89D003729A2 /* Frameworks */ = {
			isa = PBXFrameworksBuildPhase;
			buildActionMask = 2147483647;
			files = (
			);
			runOnlyForDeploymentPostprocessing = 0;
		};
		05FA3B88225BC89E003729A2 /* Frameworks */ = {
			isa = PBXFrameworksBuildPhase;
			buildActionMask = 2147483647;
			files = (
			);
			runOnlyForDeploymentPostprocessing = 0;
		};
		05FA3B93225BC89E003729A2 /* Frameworks */ = {
			isa = PBXFrameworksBuildPhase;
			buildActionMask = 2147483647;
			files = (
			);
			runOnlyForDeploymentPostprocessing = 0;
		};
/* End PBXFrameworksBuildPhase section */

/* Begin PBXGroup section */
		05FA3B6E225BC89D003729A2 = {
			isa = PBXGroup;
			children = (
				05FA3B79225BC89D003729A2 /* Module 1 : Activity 8 */,
				05FA3B8E225BC89E003729A2 /* Module 1 : Activity 8Tests */,
				05FA3B99225BC89E003729A2 /* Module 1 : Activity 8UITests */,
				05FA3B78225BC89D003729A2 /* Products */,
			);
			sourceTree = "<group>";
		};
		05FA3B78225BC89D003729A2 /* Products */ = {
			isa = PBXGroup;
			children = (
				05FA3B77225BC89D003729A2 /* Module 1 : Activity 8.app */,
				05FA3B8B225BC89E003729A2 /* Module 1 : Activity 8Tests.xctest */,
				05FA3B96225BC89E003729A2 /* Module 1 : Activity 8UITests.xctest */,
			);
			name = Products;
			sourceTree = "<group>";
		};
		05FA3B79225BC89D003729A2 /* Module 1 : Activity 8 */ = {
			isa = PBXGroup;
			children = (
				05FA3B7A225BC89D003729A2 /* AppDelegate.swift */,
				05FA3B7C225BC89D003729A2 /* ViewController.swift */,
				05FA3B7E225BC89D003729A2 /* Main.storyboard */,
				05FA3B81225BC89E003729A2 /* Assets.xcassets */,
				05FA3B83225BC89E003729A2 /* LaunchScreen.storyboard */,
				05FA3B86225BC89E003729A2 /* Info.plist */,
			);
			path = "Module 1 : Activity 8";
			sourceTree = "<group>";
		};
		05FA3B8E225BC89E003729A2 /* Module 1 : Activity 8Tests */ = {
			isa = PBXGroup;
			children = (
				05FA3B8F225BC89E003729A2 /* Module_1___Activity_8Tests.swift */,
				05FA3B91225BC89E003729A2 /* Info.plist */,
			);
			path = "Module 1 : Activity 8Tests";
			sourceTree = "<group>";
		};
		05FA3B99225BC89E003729A2 /* Module 1 : Activity 8UITests */ = {
			isa = PBXGroup;
			children = (
				05FA3B9A225BC89E003729A2 /* Module_1___Activity_8UITests.swift */,
				05FA3B9C225BC89E003729A2 /* Info.plist */,
			);
			path = "Module 1 : Activity 8UITests";
			sourceTree = "<group>";
		};
/* End PBXGroup section */

/* Begin PBXNativeTarget section */
		05FA3B76225BC89D003729A2 /* Module 1 : Activity 8 */ = {
			isa = PBXNativeTarget;
			buildConfigurationList = 05FA3B9F225BC89E003729A2 /* Build configuration list for PBXNativeTarget "Module 1 : Activity 8" */;
			buildPhases = (
				05FA3B73225BC89D003729A2 /* Sources */,
				05FA3B74225BC89D003729A2 /* Frameworks */,
				05FA3B75225BC89D003729A2 /* Resources */,
			);
			buildRules = (
			);
			dependencies = (
			);
			name = "Module 1 : Activity 8";
			productName = "Module 1 : Activity 8";
			productReference = 05FA3B77225BC89D003729A2 /* Module 1 : Activity 8.app */;
			productType = "com.apple.product-type.application";
		};
		05FA3B8A225BC89E003729A2 /* Module 1 : Activity 8Tests */ = {
			isa = PBXNativeTarget;
			buildConfigurationList = 05FA3BA2225BC89E003729A2 /* Build configuration list for PBXNativeTarget "Module 1 : Activity 8Tests" */;
			buildPhases = (
				05FA3B87225BC89E003729A2 /* Sources */,
				05FA3B88225BC89E003729A2 /* Frameworks */,
				05FA3B89225BC89E003729A2 /* Resources */,
			);
			buildRules = (
			);
			dependencies = (
				05FA3B8D225BC89E003729A2 /* PBXTargetDependency */,
			);
			name = "Module 1 : Activity 8Tests";
			productName = "Module 1 : Activity 8Tests";
			productReference = 05FA3B8B225BC89E003729A2 /* Module 1 : Activity 8Tests.xctest */;
			productType = "com.apple.product-type.bundle.unit-test";
		};
		05FA3B95225BC89E003729A2 /* Module 1 : Activity 8UITests */ = {
			isa = PBXNativeTarget;
			buildConfigurationList = 05FA3BA5225BC89E003729A2 /* Build configuration list for PBXNativeTarget "Module 1 : Activity 8UITests" */;
			buildPhases = (
				05FA3B92225BC89E003729A2 /* Sources */,
				05FA3B93225BC89E003729A2 /* Frameworks */,
				05FA3B94225BC89E003729A2 /* Resources */,
			);
			buildRules = (
			);
			dependencies = (
				05FA3B98225BC89E003729A2 /* PBXTargetDependency */,
			);
			name = "Module 1 : Activity 8UITests";
			productName = "Module 1 : Activity 8UITests";
			productReference = 05FA3B96225BC89E003729A2 /* Module 1 : Activity 8UITests.xctest */;
			productType = "com.apple.product-type.bundle.ui-testing";
		};
/* End PBXNativeTarget section */

/* Begin PBXProject section */
		05FA3B6F225BC89D003729A2 /* Project object */ = {
			isa = PBXProject;
			attributes = {
				LastSwiftUpdateCheck = 1010;
				LastUpgradeCheck = 1010;
				ORGANIZATIONNAME = Genesis;
				TargetAttributes = {
					05FA3B76225BC89D003729A2 = {
						CreatedOnToolsVersion = 10.1;
					};
					05FA3B8A225BC89E003729A2 = {
						CreatedOnToolsVersion = 10.1;
						TestTargetID = 05FA3B76225BC89D003729A2;
					};
					05FA3B95225BC89E003729A2 = {
						CreatedOnToolsVersion = 10.1;
						TestTargetID = 05FA3B76225BC89D003729A2;
					};
				};
			};
			buildConfigurationList = 05FA3B72225BC89D003729A2 /* Build configuration list for PBXProject "Module 1 : Activity 8" */;
			compatibilityVersion = "Xcode 9.3";
			developmentRegion = en;
			hasScannedForEncodings = 0;
			knownRegions = (
				en,
				Base,
			);
			mainGroup = 05FA3B6E225BC89D003729A2;
			productRefGroup = 05FA3B78225BC89D003729A2 /* Products */;
			projectDirPath = "";
			projectRoot = "";
			targets = (
				05FA3B76225BC89D003729A2 /* Module 1 : Activity 8 */,
				05FA3B8A225BC89E003729A2 /* Module 1 : Activity 8Tests */,
				05FA3B95225BC89E003729A2 /* Module 1 : Activity 8UITests */,
			);
		};
/* End PBXProject section */

/* Begin PBXResourcesBuildPhase section */
		05FA3B75225BC89D003729A2 /* Resources */ = {
			isa = PBXResourcesBuildPhase;
			buildActionMask = 2147483647;
			files = (
				05FA3B85225BC89E003729A2 /* LaunchScreen.storyboard in Resources */,
				05FA3B82225BC89E003729A2 /* Assets.xcassets in Resources */,
				05FA3B80225BC89D003729A2 /* Main.storyboard in Resources */,
			);
			runOnlyForDeploymentPostprocessing = 0;
		};
		05FA3B89225BC89E003729A2 /* Resources */ = {
			isa = PBXResourcesBuildPhase;
			buildActionMask = 2147483647;
			files = (
			);
			runOnlyForDeploymentPostprocessing = 0;
		};
		05FA3B94225BC89E003729A2 /* Resources */ = {
			isa = PBXResourcesBuildPhase;
			buildActionMask = 2147483647;
			files = (
			);
			runOnlyForDeploymentPostprocessing = 0;
		};
/* End PBXResourcesBuildPhase section */

/* Begin PBXSourcesBuildPhase section */
		05FA3B73225BC89D003729A2 /* Sources */ = {
			isa = PBXSourcesBuildPhase;
			buildActionMask = 2147483647;
			files = (
				05FA3B7D225BC89D003729A2 /* ViewController.swift in Sources */,
				05FA3B7B225BC89D003729A2 /* AppDelegate.swift in Sources */,
			);
			runOnlyForDeploymentPostprocessing = 0;
		};
		05FA3B87225BC89E003729A2 /* Sources */ = {
			isa = PBXSourcesBuildPhase;
			buildActionMask = 2147483647;
			files = (
				05FA3B90225BC89E003729A2 /* Module_1___Activity_8Tests.swift in Sources */,
			);
			runOnlyForDeploymentPostprocessing = 0;
		};
		05FA3B92225BC89E003729A2 /* Sources */ = {
			isa = PBXSourcesBuildPhase;
			buildActionMask = 2147483647;
			files = (
				05FA3B9B225BC89E003729A2 /* Module_1___Activity_8UITests.swift in Sources */,
			);
			runOnlyForDeploymentPostprocessing = 0;
		};
/* End PBXSourcesBuildPhase section */

/* Begin PBXTargetDependency section */
		05FA3B8D225BC89E003729A2 /* PBXTargetDependency */ = {
			isa = PBXTargetDependency;
			target = 05FA3B76225BC89D003729A2 /* Module 1 : Activity 8 */;
			targetProxy = 05FA3B8C225BC89E003729A2 /* PBXContainerItemProxy */;
		};
		05FA3B98225BC89E003729A2 /* PBXTargetDependency */ = {
			isa = PBXTargetDependency;
			target = 05FA3B76225BC89D003729A2 /* Module 1 : Activity 8 */;
			targetProxy = 05FA3B97225BC89E003729A2 /* PBXContainerItemProxy */;
		};
/* End PBXTargetDependency section */

/* Begin PBXVariantGroup section */
		05FA3B7E225BC89D003729A2 /* Main.storyboard */ = {
			isa = PBXVariantGroup;
			children = (
				05FA3B7F225BC89D003729A2 /* Base */,
			);
			name = Main.storyboard;
			sourceTree = "<group>";
		};
		05FA3B83225BC89E003729A2 /* LaunchScreen.storyboard */ = {
			isa = PBXVariantGroup;
			children = (
				05FA3B84225BC89E003729A2 /* Base */,
			);
			name = LaunchScreen.storyboard;
			sourceTree = "<group>";
		};
/* End PBXVariantGroup section */

/* Begin XCBuildConfiguration section */
		05FA3B9D225BC89E003729A2 /* Debug */ = {
			isa = XCBuildConfiguration;
			buildSettings = {
				ALWAYS_SEARCH_USER_PATHS = NO;
				CLANG_ANALYZER_NONNULL = YES;
				CLANG_ANALYZER_NUMBER_OBJECT_CONVERSION = YES_AGGRESSIVE;
				CLANG_CXX_LANGUAGE_STANDARD = "gnu++14";
				CLANG_CXX_LIBRARY = "libc++";
				CLANG_ENABLE_MODULES = YES;
				CLANG_ENABLE_OBJC_ARC = YES;
				CLANG_ENABLE_OBJC_WEAK = YES;
				CLANG_WARN_BLOCK_CAPTURE_AUTORELEASING = YES;
				CLANG_WARN_BOOL_CONVERSION = YES;
				CLANG_WARN_COMMA = YES;
				CLANG_WARN_CONSTANT_CONVERSION = YES;
				CLANG_WARN_DEPRECATED_OBJC_IMPLEMENTATIONS = YES;
				CLANG_WARN_DIRECT_OBJC_ISA_USAGE = YES_ERROR;
				CLANG_WARN_DOCUMENTATION_COMMENTS = YES;
				CLANG_WARN_EMPTY_BODY = YES;
				CLANG_WARN_ENUM_CONVERSION = YES;
				CLANG_WARN_INFINITE_RECURSION = YES;
				CLANG_WARN_INT_CONVERSION = YES;
				CLANG_WARN_NON_LITERAL_NULL_CONVERSION = YES;
				CLANG_WARN_OBJC_IMPLICIT_RETAIN_SELF = YES;
				CLANG_WARN_OBJC_LITERAL_CONVERSION = YES;
				CLANG_WARN_OBJC_ROOT_CLASS = YES_ERROR;
				CLANG_WARN_RANGE_LOOP_ANALYSIS = YES;
				CLANG_WARN_STRICT_PROTOTYPES = YES;
				CLANG_WARN_SUSPICIOUS_MOVE = YES;
				CLANG_WARN_UNGUARDED_AVAILABILITY = YES_AGGRESSIVE;
				CLANG_WARN_UNREACHABLE_CODE = YES;
				CLANG_WARN__DUPLICATE_METHOD_MATCH = YES;
				CODE_SIGN_IDENTITY = "iPhone Developer";
				COPY_PHASE_STRIP = NO;
				DEBUG_INFORMATION_FORMAT = dwarf;
				ENABLE_STRICT_OBJC_MSGSEND = YES;
				ENABLE_TESTABILITY = YES;
				GCC_C_LANGUAGE_STANDARD = gnu11;
				GCC_DYNAMIC_NO_PIC = NO;
				GCC_NO_COMMON_BLOCKS = YES;
				GCC_OPTIMIZATION_LEVEL = 0;
				GCC_PREPROCESSOR_DEFINITIONS = (
					"DEBUG=1",
					"$(inherited)",
				);
				GCC_WARN_64_TO_32_BIT_CONVERSION = YES;
				GCC_WARN_ABOUT_RETURN_TYPE = YES_ERROR;
				GCC_WARN_UNDECLARED_SELECTOR = YES;
				GCC_WARN_UNINITIALIZED_AUTOS = YES_AGGRESSIVE;
				GCC_WARN_UNUSED_FUNCTION = YES;
				GCC_WARN_UNUSED_VARIABLE = YES;
				IPHONEOS_DEPLOYMENT_TARGET = 12.1;
				MTL_ENABLE_DEBUG_INFO = INCLUDE_SOURCE;
				MTL_FAST_MATH = YES;
				ONLY_ACTIVE_ARCH = YES;
				SDKROOT = iphoneos;
				SWIFT_ACTIVE_COMPILATION_CONDITIONS = DEBUG;
				SWIFT_OPTIMIZATION_LEVEL = "-Onone";
			};
			name = Debug;
		};
		05FA3B9E225BC89E003729A2 /* Release */ = {
			isa = XCBuildConfiguration;
			buildSettings = {
				ALWAYS_SEARCH_USER_PATHS = NO;
				CLANG_ANALYZER_NONNULL = YES;
				CLANG_ANALYZER_NUMBER_OBJECT_CONVERSION = YES_AGGRESSIVE;
				CLANG_CXX_LANGUAGE_STANDARD = "gnu++14";
				CLANG_CXX_LIBRARY = "libc++";
				CLANG_ENABLE_MODULES = YES;
				CLANG_ENABLE_OBJC_ARC = YES;
				CLANG_ENABLE_OBJC_WEAK = YES;
				CLANG_WARN_BLOCK_CAPTURE_AUTORELEASING = YES;
				CLANG_WARN_BOOL_CONVERSION = YES;
				CLANG_WARN_COMMA = YES;
				CLANG_WARN_CONSTANT_CONVERSION = YES;
				CLANG_WARN_DEPRECATED_OBJC_IMPLEMENTATIONS = YES;
				CLANG_WARN_DIRECT_OBJC_ISA_USAGE = YES_ERROR;
				CLANG_WARN_DOCUMENTATION_COMMENTS = YES;
				CLANG_WARN_EMPTY_BODY = YES;
				CLANG_WARN_ENUM_CONVERSION = YES;
				CLANG_WARN_INFINITE_RECURSION = YES;
				CLANG_WARN_INT_CONVERSION = YES;
				CLANG_WARN_NON_LITERAL_NULL_CONVERSION = YES;
				CLANG_WARN_OBJC_IMPLICIT_RETAIN_SELF = YES;
				CLANG_WARN_OBJC_LITERAL_CONVERSION = YES;
				CLANG_WARN_OBJC_ROOT_CLASS = YES_ERROR;
				CLANG_WARN_RANGE_LOOP_ANALYSIS = YES;
				CLANG_WARN_STRICT_PROTOTYPES = YES;
				CLANG_WARN_SUSPICIOUS_MOVE = YES;
				CLANG_WARN_UNGUARDED_AVAILABILITY = YES_AGGRESSIVE;
				CLANG_WARN_UNREACHABLE_CODE = YES;
				CLANG_WARN__DUPLICATE_METHOD_MATCH = YES;
				CODE_SIGN_IDENTITY = "iPhone Developer";
				COPY_PHASE_STRIP = NO;
				DEBUG_INFORMATION_FORMAT = "dwarf-with-dsym";
				ENABLE_NS_ASSERTIONS = NO;
				ENABLE_STRICT_OBJC_MSGSEND = YES;
				GCC_C_LANGUAGE_STANDARD = gnu11;
				GCC_NO_COMMON_BLOCKS = YES;
				GCC_WARN_64_TO_32_BIT_CONVERSION = YES;
				GCC_WARN_ABOUT_RETURN_TYPE = YES_ERROR;
				GCC_WARN_UNDECLARED_SELECTOR = YES;
				GCC_WARN_UNINITIALIZED_AUTOS = YES_AGGRESSIVE;
				GCC_WARN_UNUSED_FUNCTION = YES;
				GCC_WARN_UNUSED_VARIABLE = YES;
				IPHONEOS_DEPLOYMENT_TARGET = 12.1;
				MTL_ENABLE_DEBUG_INFO = NO;
				MTL_FAST_MATH = YES;
				SDKROOT = iphoneos;
				SWIFT_COMPILATION_MODE = wholemodule;
				SWIFT_OPTIMIZATION_LEVEL = "-O";
				VALIDATE_PRODUCT = YES;
			};
			name = Release;
		};
		05FA3BA0225BC89E003729A2 /* Debug */ = {
			isa = XCBuildConfiguration;
			buildSettings = {
				ASSETCATALOG_COMPILER_APPICON_NAME = AppIcon;
				CODE_SIGN_STYLE = Automatic;
				INFOPLIST_FILE = "Module 1 : Activity 8/Info.plist";
				LD_RUNPATH_SEARCH_PATHS = (
					"$(inherited)",
					"@executable_path/Frameworks",
				);
				PRODUCT_BUNDLE_IDENTIFIER = "BKSTEAM.Module-1---Activity-8";
				PRODUCT_NAME = "$(TARGET_NAME)";
				SWIFT_VERSION = 4.2;
				TARGETED_DEVICE_FAMILY = "1,2";
			};
			name = Debug;
		};
		05FA3BA1225BC89E003729A2 /* Release */ = {
			isa = XCBuildConfiguration;
			buildSettings = {
				ASSETCATALOG_COMPILER_APPICON_NAME = AppIcon;
				CODE_SIGN_STYLE = Automatic;
				INFOPLIST_FILE = "Module 1 : Activity 8/Info.plist";
				LD_RUNPATH_SEARCH_PATHS = (
					"$(inherited)",
					"@executable_path/Frameworks",
				);
				PRODUCT_BUNDLE_IDENTIFIER = "BKSTEAM.Module-1---Activity-8";
				PRODUCT_NAME = "$(TARGET_NAME)";
				SWIFT_VERSION = 4.2;
				TARGETED_DEVICE_FAMILY = "1,2";
			};
			name = Release;
		};
		05FA3BA3225BC89E003729A2 /* Debug */ = {
			isa = XCBuildConfiguration;
			buildSettings = {
				ALWAYS_EMBED_SWIFT_STANDARD_LIBRARIES = YES;
				BUNDLE_LOADER = "$(TEST_HOST)";
				CODE_SIGN_STYLE = Automatic;
				INFOPLIST_FILE = "Module 1 : Activity 8Tests/Info.plist";
				LD_RUNPATH_SEARCH_PATHS = (
					"$(inherited)",
					"@executable_path/Frameworks",
					"@loader_path/Frameworks",
				);
				PRODUCT_BUNDLE_IDENTIFIER = "BKSTEAM.Module-1---Activity-8Tests";
				PRODUCT_NAME = "$(TARGET_NAME)";
				SWIFT_VERSION = 4.2;
				TARGETED_DEVICE_FAMILY = "1,2";
				TEST_HOST = "$(BUILT_PRODUCTS_DIR)/Module 1 : Activity 8.app/Module 1 : Activity 8";
			};
			name = Debug;
		};
		05FA3BA4225BC89E003729A2 /* Release */ = {
			isa = XCBuildConfiguration;
			buildSettings = {
				ALWAYS_EMBED_SWIFT_STANDARD_LIBRARIES = YES;
				BUNDLE_LOADER = "$(TEST_HOST)";
				CODE_SIGN_STYLE = Automatic;
				INFOPLIST_FILE = "Module 1 : Activity 8Tests/Info.plist";
				LD_RUNPATH_SEARCH_PATHS = (
					"$(inherited)",
					"@executable_path/Frameworks",
					"@loader_path/Frameworks",
				);
				PRODUCT_BUNDLE_IDENTIFIER = "BKSTEAM.Module-1---Activity-8Tests";
				PRODUCT_NAME = "$(TARGET_NAME)";
				SWIFT_VERSION = 4.2;
				TARGETED_DEVICE_FAMILY = "1,2";
				TEST_HOST = "$(BUILT_PRODUCTS_DIR)/Module 1 : Activity 8.app/Module 1 : Activity 8";
			};
			name = Release;
		};
		05FA3BA6225BC89E003729A2 /* Debug */ = {
			isa = XCBuildConfiguration;
			buildSettings = {
				ALWAYS_EMBED_SWIFT_STANDARD_LIBRARIES = YES;
				CODE_SIGN_STYLE = Automatic;
				INFOPLIST_FILE = "Module 1 : Activity 8UITests/Info.plist";
				LD_RUNPATH_SEARCH_PATHS = (
					"$(inherited)",
					"@executable_path/Frameworks",
					"@loader_path/Frameworks",
				);
				PRODUCT_BUNDLE_IDENTIFIER = "BKSTEAM.Module-1---Activity-8UITests";
				PRODUCT_NAME = "$(TARGET_NAME)";
				SWIFT_VERSION = 4.2;
				TARGETED_DEVICE_FAMILY = "1,2";
				TEST_TARGET_NAME = "Module 1 : Activity 8";
			};
			name = Debug;
		};
		05FA3BA7225BC89E003729A2 /* Release */ = {
			isa = XCBuildConfiguration;
			buildSettings = {
				ALWAYS_EMBED_SWIFT_STANDARD_LIBRARIES = YES;
				CODE_SIGN_STYLE = Automatic;
				INFOPLIST_FILE = "Module 1 : Activity 8UITests/Info.plist";
				LD_RUNPATH_SEARCH_PATHS = (
					"$(inherited)",
					"@executable_path/Frameworks",
					"@loader_path/Frameworks",
				);
				PRODUCT_BUNDLE_IDENTIFIER = "BKSTEAM.Module-1---Activity-8UITests";
				PRODUCT_NAME = "$(TARGET_NAME)";
				SWIFT_VERSION = 4.2;
				TARGETED_DEVICE_FAMILY = "1,2";
				TEST_TARGET_NAME = "Module 1 : Activity 8";
			};
			name = Release;
		};
/* End XCBuildConfiguration section */

/* Begin XCConfigurationList section */
		05FA3B72225BC89D003729A2 /* Build configuration list for PBXProject "Module 1 : Activity 8" */ = {
			isa = XCConfigurationList;
			buildConfigurations = (
				05FA3B9D225BC89E003729A2 /* Debug */,
				05FA3B9E225BC89E003729A2 /* Release */,
			);
			defaultConfigurationIsVisible = 0;
			defaultConfigurationName = Release;
		};
		05FA3B9F225BC89E003729A2 /* Build configuration list for PBXNativeTarget "Module 1 : Activity 8" */ = {
			isa = XCConfigurationList;
			buildConfigurations = (
				05FA3BA0225BC89E003729A2 /* Debug */,
				05FA3BA1225BC89E003729A2 /* Release */,
			);
			defaultConfigurationIsVisible = 0;
			defaultConfigurationName = Release;
		};
		05FA3BA2225BC89E003729A2 /* Build configuration list for PBXNativeTarget "Module 1 : Activity 8Tests" */ = {
			isa = XCConfigurationList;
			buildConfigurations = (
				05FA3BA3225BC89E003729A2 /* Debug */,
				05FA3BA4225BC89E003729A2 /* Release */,
			);
			defaultConfigurationIsVisible = 0;
			defaultConfigurationName = Release;
		};
		05FA3BA5225BC89E003729A2 /* Build configuration list for PBXNativeTarget "Module 1 : Activity 8UITests" */ = {
			isa = XCConfigurationList;
			buildConfigurations = (
				05FA3BA6225BC89E003729A2 /* Debug */,
				05FA3BA7225BC89E003729A2 /* Release */,
			);
			defaultConfigurationIsVisible = 0;
			defaultConfigurationName = Release;
		};
/* End XCConfigurationList section */
	};
	rootObject = 05FA3B6F225BC89D003729A2 /* Project object */;
}
